
Microsoft Visual Studio Solution File, Format Version 12.00
# Visual Studio Version 16
VisualStudioVersion = 16.0.32228.343
MinimumVisualStudioVersion = 10.0.40219.1
Project("{FAE04EC0-301F-11D3-BF4B-00C04F79EFBC}") = "DISI-INE-FUE", "WindowsFormsApp1\DISI-INE-FUE.csproj", "{21AA7B64-0926-465E-A584-9DA5741015E7}"
EndProject
Global
	GlobalSection(SolutionConfigurationPlatforms) = preSolution
		Debug|Any CPU = Debug|Any CPU
		Release|Any CPU = Release|Any CPU
	EndGlobalSection
	GlobalSection(ProjectConfigurationPlatforms) = postSolution
		{21AA7B64-0926-465E-A584-9DA5741015E7}.Debug|Any CPU.ActiveCfg = Debug|Any CPU
		{21AA7B64-0926-465E-A584-9DA5741015E7}.Debug|Any CPU.Build.0 = Debug|Any CPU
		{21AA7B64-0926-465E-A584-9DA5741015E7}.Release|Any CPU.ActiveCfg = Release|Any CPU
		{21AA7B64-0926-465E-A584-9DA5741015E7}.Release|Any CPU.Build.0 = Release|Any CPU
	EndGlobalSection
	GlobalSection(SolutionProperties) = preSolution
		HideSolutionNode = FALSE
	EndGlobalSection
	GlobalSection(ExtensibilityGlobals) = postSolution
		SolutionGuid = {D65E5976-433B-4AF0-9781-BD7FCCA373AE}
	EndGlobalSection
EndGlobal
